
Microsoft Visual Studio Solution File, Format Version 12.00
# Visual Studio Version 16
VisualStudioVersion = 16.0.30626.31
MinimumVisualStudioVersion = 10.0.40219.1
Project("{FAE04EC0-301F-11D3-BF4B-00C04F79EFBC}") = "ServoApp", "ServoApp\ServoApp.csproj", "{03721F82-8DFE-4A8F-A3A0-F4AE07E762FE}"
EndProject
Global
	GlobalSection(SolutionConfigurationPlatforms) = preSolution
		Debug|Any CPU = Debug|Any CPU
		Release|Any CPU = Release|Any CPU
	EndGlobalSection
	GlobalSection(ProjectConfigurationPlatforms) = postSolution
		{03721F82-8DFE-4A8F-A3A0-F4AE07E762FE}.Debug|Any CPU.ActiveCfg = Debug|Any CPU
		{03721F82-8DFE-4A8F-A3A0-F4AE07E762FE}.Debug|Any CPU.Build.0 = Debug|Any CPU
		{03721F82-8DFE-4A8F-A3A0-F4AE07E762FE}.Release|Any CPU.ActiveCfg = Release|Any CPU
		{03721F82-8DFE-4A8F-A3A0-F4AE07E762FE}.Release|Any CPU.Build.0 = Release|Any CPU
	EndGlobalSection
	GlobalSection(SolutionProperties) = preSolution
		HideSolutionNode = FALSE
	EndGlobalSection
	GlobalSection(ExtensibilityGlobals) = postSolution
		SolutionGuid = {C9776500-49EC-4669-B0F1-96E4E0FF5FBB}
	EndGlobalSection
EndGlobal
