
Microsoft Visual Studio Solution File, Format Version 12.00
# Visual Studio Version 16
VisualStudioVersion = 16.0.30626.31
MinimumVisualStudioVersion = 10.0.40219.1
Project("{FAE04EC0-301F-11D3-BF4B-00C04F79EFBC}") = "ServoApp", "ServoApp\ServoApp.csproj", "{03721F82-8DFE-4A8F-A3A0-F4AE07E762FE}"
EndProject
Project("{FAE04EC0-301F-11D3-BF4B-00C04F79EFBC}") = "Choper(Arduino_WPF)", "Choper(Arduino_WPF)\Choper(Arduino_WPF).csproj", "{AF2D75D6-5A74-4BB3-937B-303DB8E04078}"
EndProject
Project("{8BC9CEB8-8B4A-11D0-8D11-00A0C91BC942}") = "SketchArduino", "SketchArduino\SketchArduino.vcxproj", "{C5F80730-F44F-4478-BDAE-6634EFC2CA88}"
EndProject
Global
	GlobalSection(SolutionConfigurationPlatforms) = preSolution
		Debug|Any CPU = Debug|Any CPU
		Debug|x86 = Debug|x86
		Release|Any CPU = Release|Any CPU
		Release|x86 = Release|x86
	EndGlobalSection
	GlobalSection(ProjectConfigurationPlatforms) = postSolution
		{03721F82-8DFE-4A8F-A3A0-F4AE07E762FE}.Debug|Any CPU.ActiveCfg = Debug|Any CPU
		{03721F82-8DFE-4A8F-A3A0-F4AE07E762FE}.Debug|Any CPU.Build.0 = Debug|Any CPU
		{03721F82-8DFE-4A8F-A3A0-F4AE07E762FE}.Debug|x86.ActiveCfg = Debug|Any CPU
		{03721F82-8DFE-4A8F-A3A0-F4AE07E762FE}.Debug|x86.Build.0 = Debug|Any CPU
		{03721F82-8DFE-4A8F-A3A0-F4AE07E762FE}.Release|Any CPU.ActiveCfg = Release|Any CPU
		{03721F82-8DFE-4A8F-A3A0-F4AE07E762FE}.Release|Any CPU.Build.0 = Release|Any CPU
		{03721F82-8DFE-4A8F-A3A0-F4AE07E762FE}.Release|x86.ActiveCfg = Release|Any CPU
		{03721F82-8DFE-4A8F-A3A0-F4AE07E762FE}.Release|x86.Build.0 = Release|Any CPU
		{AF2D75D6-5A74-4BB3-937B-303DB8E04078}.Debug|Any CPU.ActiveCfg = Debug|Any CPU
		{AF2D75D6-5A74-4BB3-937B-303DB8E04078}.Debug|Any CPU.Build.0 = Debug|Any CPU
		{AF2D75D6-5A74-4BB3-937B-303DB8E04078}.Debug|x86.ActiveCfg = Debug|Any CPU
		{AF2D75D6-5A74-4BB3-937B-303DB8E04078}.Debug|x86.Build.0 = Debug|Any CPU
		{AF2D75D6-5A74-4BB3-937B-303DB8E04078}.Release|Any CPU.ActiveCfg = Release|Any CPU
		{AF2D75D6-5A74-4BB3-937B-303DB8E04078}.Release|Any CPU.Build.0 = Release|Any CPU
		{AF2D75D6-5A74-4BB3-937B-303DB8E04078}.Release|x86.ActiveCfg = Release|Any CPU
		{AF2D75D6-5A74-4BB3-937B-303DB8E04078}.Release|x86.Build.0 = Release|Any CPU
		{C5F80730-F44F-4478-BDAE-6634EFC2CA88}.Debug|Any CPU.ActiveCfg = Debug|Win32
		{C5F80730-F44F-4478-BDAE-6634EFC2CA88}.Debug|x86.ActiveCfg = Debug|Win32
		{C5F80730-F44F-4478-BDAE-6634EFC2CA88}.Debug|x86.Build.0 = Debug|Win32
		{C5F80730-F44F-4478-BDAE-6634EFC2CA88}.Release|Any CPU.ActiveCfg = Release|Win32
		{C5F80730-F44F-4478-BDAE-6634EFC2CA88}.Release|x86.ActiveCfg = Release|Win32
		{C5F80730-F44F-4478-BDAE-6634EFC2CA88}.Release|x86.Build.0 = Release|Win32
	EndGlobalSection
	GlobalSection(SolutionProperties) = preSolution
		HideSolutionNode = FALSE
	EndGlobalSection
	GlobalSection(ExtensibilityGlobals) = postSolution
		SolutionGuid = {C9776500-49EC-4669-B0F1-96E4E0FF5FBB}
	EndGlobalSection
EndGlobal
